// !$*UTF8*$!
{
	archiveVersion = 1;
	classes = {
	};
	objectVersion = 46;
	objects = {

/* Begin PBXGroup section */
		2210C4F21DFC5CBA008E2DF5 = {
			isa = PBXGroup;
			children = (
			);
			sourceTree = "<group>";
		};
/* End PBXGroup section */

/* Begin PBXProject section */
		2210C4F31DFC5CBA008E2DF5 /* Project object */ = {
			isa = PBXProject;
			attributes = {
				LastUpgradeCheck = 0810;
			};
			buildConfigurationList = 2210C4F61DFC5CBA008E2DF5 /* Build configuration list for PBXProject "Euclid" */;
			compatibilityVersion = "Xcode 3.2";
			developmentRegion = English;
			hasScannedForEncodings = 0;
			knownRegions = (
				en,
			);
			mainGroup = 2210C4F21DFC5CBA008E2DF5;
			projectDirPath = "";
			projectRoot = "";
			targets = (
			);
		};
/* End PBXProject section */

/* Begin XCBuildConfiguration section */
		2210C4F71DFC5CBA008E2DF5 /* Debug */ = {
			isa = XCBuildConfiguration;
			buildSettings = {
			};
			name = Debug;
		};
		2210C4F81DFC5CBA008E2DF5 /* Release */ = {
			isa = XCBuildConfiguration;
			buildSettings = {
			};
			name = Release;
		};
/* End XCBuildConfiguration section */

/* Begin XCConfigurationList section */
		2210C4F61DFC5CBA008E2DF5 /* Build configuration list for PBXProject "Euclid" */ = {
			isa = XCConfigurationList;
			buildConfigurations = (
				2210C4F71DFC5CBA008E2DF5 /* Debug */,
				2210C4F81DFC5CBA008E2DF5 /* Release */,
			);
			defaultConfigurationIsVisible = 0;
			defaultConfigurationName = Release;
		};
/* End XCConfigurationList section */
	};
	rootObject = 2210C4F31DFC5CBA008E2DF5 /* Project object */;
}
